// !$*UTF8*$!
{
	archiveVersion = 1;
	classes = {
	};
	objectVersion = 56;
	objects = {

/* Begin PBXBuildFile section */
		E636552329D34BAF00307D70 /* iOSTestAppApp.swift in Sources */ = {isa = PBXBuildFile; fileRef = E636552229D34BAF00307D70 /* iOSTestAppApp.swift */; };
		E636552729D34BB000307D70 /* Assets.xcassets in Resources */ = {isa = PBXBuildFile; fileRef = E636552629D34BB000307D70 /* Assets.xcassets */; };
		E636552A29D34BB000307D70 /* Preview Assets.xcassets in Resources */ = {isa = PBXBuildFile; fileRef = E636552929D34BB000307D70 /* Preview Assets.xcassets */; };
		E636553429D34BB000307D70 /* iOSTestAppTests.swift in Sources */ = {isa = PBXBuildFile; fileRef = E636553329D34BB000307D70 /* iOSTestAppTests.swift */; };
		E636553E29D34BB000307D70 /* iOSTestAppUITests.swift in Sources */ = {isa = PBXBuildFile; fileRef = E636553D29D34BB000307D70 /* iOSTestAppUITests.swift */; };
		E636554029D34BB000307D70 /* iOSTestAppUITestsLaunchTests.swift in Sources */ = {isa = PBXBuildFile; fileRef = E636553F29D34BB000307D70 /* iOSTestAppUITestsLaunchTests.swift */; };
		E636554F29D4086F00307D70 /* String+Extension.swift in Sources */ = {isa = PBXBuildFile; fileRef = E636554E29D4086F00307D70 /* String+Extension.swift */; };
		E636555129D4087600307D70 /* ContentViewModel.swift in Sources */ = {isa = PBXBuildFile; fileRef = E636555029D4087600307D70 /* ContentViewModel.swift */; };
		E636555529D4111700307D70 /* ContentView.swift in Sources */ = {isa = PBXBuildFile; fileRef = E636555429D4111600307D70 /* ContentView.swift */; };
		E6655F2229EC23360017F712 /* CheckboxView.swift in Sources */ = {isa = PBXBuildFile; fileRef = E6655F2129EC23360017F712 /* CheckboxView.swift */; };
/* End PBXBuildFile section */

/* Begin PBXContainerItemProxy section */
		E636553029D34BB000307D70 /* PBXContainerItemProxy */ = {
			isa = PBXContainerItemProxy;
			containerPortal = E636551729D34BAF00307D70 /* Project object */;
			proxyType = 1;
			remoteGlobalIDString = E636551E29D34BAF00307D70;
			remoteInfo = iOSTestApp;
		};
		E636553A29D34BB000307D70 /* PBXContainerItemProxy */ = {
			isa = PBXContainerItemProxy;
			containerPortal = E636551729D34BAF00307D70 /* Project object */;
			proxyType = 1;
			remoteGlobalIDString = E636551E29D34BAF00307D70;
			remoteInfo = iOSTestApp;
		};
/* End PBXContainerItemProxy section */

/* Begin PBXFileReference section */
		E636551F29D34BAF00307D70 /* iOSTestApp.app */ = {isa = PBXFileReference; explicitFileType = wrapper.application; includeInIndex = 0; path = iOSTestApp.app; sourceTree = BUILT_PRODUCTS_DIR; };
		E636552229D34BAF00307D70 /* iOSTestAppApp.swift */ = {isa = PBXFileReference; lastKnownFileType = sourcecode.swift; path = iOSTestAppApp.swift; sourceTree = "<group>"; };
		E636552629D34BB000307D70 /* Assets.xcassets */ = {isa = PBXFileReference; lastKnownFileType = folder.assetcatalog; path = Assets.xcassets; sourceTree = "<group>"; };
		E636552929D34BB000307D70 /* Preview Assets.xcassets */ = {isa = PBXFileReference; lastKnownFileType = folder.assetcatalog; path = "Preview Assets.xcassets"; sourceTree = "<group>"; };
		E636552F29D34BB000307D70 /* iOSTestAppTests.xctest */ = {isa = PBXFileReference; explicitFileType = wrapper.cfbundle; includeInIndex = 0; path = iOSTestAppTests.xctest; sourceTree = BUILT_PRODUCTS_DIR; };
		E636553329D34BB000307D70 /* iOSTestAppTests.swift */ = {isa = PBXFileReference; lastKnownFileType = sourcecode.swift; path = iOSTestAppTests.swift; sourceTree = "<group>"; };
		E636553929D34BB000307D70 /* iOSTestAppUITests.xctest */ = {isa = PBXFileReference; explicitFileType = wrapper.cfbundle; includeInIndex = 0; path = iOSTestAppUITests.xctest; sourceTree = BUILT_PRODUCTS_DIR; };
		E636553D29D34BB000307D70 /* iOSTestAppUITests.swift */ = {isa = PBXFileReference; lastKnownFileType = sourcecode.swift; path = iOSTestAppUITests.swift; sourceTree = "<group>"; };
		E636553F29D34BB000307D70 /* iOSTestAppUITestsLaunchTests.swift */ = {isa = PBXFileReference; lastKnownFileType = sourcecode.swift; path = iOSTestAppUITestsLaunchTests.swift; sourceTree = "<group>"; };
		E636554E29D4086F00307D70 /* String+Extension.swift */ = {isa = PBXFileReference; fileEncoding = 4; lastKnownFileType = sourcecode.swift; path = "String+Extension.swift"; sourceTree = "<group>"; };
		E636555029D4087600307D70 /* ContentViewModel.swift */ = {isa = PBXFileReference; fileEncoding = 4; lastKnownFileType = sourcecode.swift; path = ContentViewModel.swift; sourceTree = "<group>"; };
		E636555429D4111600307D70 /* ContentView.swift */ = {isa = PBXFileReference; fileEncoding = 4; lastKnownFileType = sourcecode.swift; path = ContentView.swift; sourceTree = "<group>"; };
		E6655F2129EC23360017F712 /* CheckboxView.swift */ = {isa = PBXFileReference; fileEncoding = 4; lastKnownFileType = sourcecode.swift; path = CheckboxView.swift; sourceTree = "<group>"; };
/* End PBXFileReference section */

/* Begin PBXFrameworksBuildPhase section */
		E636551C29D34BAF00307D70 /* Frameworks */ = {
			isa = PBXFrameworksBuildPhase;
			buildActionMask = 2147483647;
			files = (
			);
			runOnlyForDeploymentPostprocessing = 0;
		};
		E636552C29D34BB000307D70 /* Frameworks */ = {
			isa = PBXFrameworksBuildPhase;
			buildActionMask = 2147483647;
			files = (
			);
			runOnlyForDeploymentPostprocessing = 0;
		};
		E636553629D34BB000307D70 /* Frameworks */ = {
			isa = PBXFrameworksBuildPhase;
			buildActionMask = 2147483647;
			files = (
			);
			runOnlyForDeploymentPostprocessing = 0;
		};
/* End PBXFrameworksBuildPhase section */

/* Begin PBXGroup section */
		E636551629D34BAF00307D70 = {
			isa = PBXGroup;
			children = (
				E636552129D34BAF00307D70 /* iOSTestApp */,
				E636553229D34BB000307D70 /* iOSTestAppTests */,
				E636553C29D34BB000307D70 /* iOSTestAppUITests */,
				E636552029D34BAF00307D70 /* Products */,
			);
			sourceTree = "<group>";
		};
		E636552029D34BAF00307D70 /* Products */ = {
			isa = PBXGroup;
			children = (
				E636551F29D34BAF00307D70 /* iOSTestApp.app */,
				E636552F29D34BB000307D70 /* iOSTestAppTests.xctest */,
				E636553929D34BB000307D70 /* iOSTestAppUITests.xctest */,
			);
			name = Products;
			sourceTree = "<group>";
		};
		E636552129D34BAF00307D70 /* iOSTestApp */ = {
			isa = PBXGroup;
			children = (
				E636554E29D4086F00307D70 /* String+Extension.swift */,
				E636552229D34BAF00307D70 /* iOSTestAppApp.swift */,
				E636555029D4087600307D70 /* ContentViewModel.swift */,
				E636555429D4111600307D70 /* ContentView.swift */,
				E6655F2129EC23360017F712 /* CheckboxView.swift */,
				E636552629D34BB000307D70 /* Assets.xcassets */,
				E636552829D34BB000307D70 /* Preview Content */,
			);
			path = iOSTestApp;
			sourceTree = "<group>";
		};
		E636552829D34BB000307D70 /* Preview Content */ = {
			isa = PBXGroup;
			children = (
				E636552929D34BB000307D70 /* Preview Assets.xcassets */,
			);
			path = "Preview Content";
			sourceTree = "<group>";
		};
		E636553229D34BB000307D70 /* iOSTestAppTests */ = {
			isa = PBXGroup;
			children = (
				E636553329D34BB000307D70 /* iOSTestAppTests.swift */,
			);
			path = iOSTestAppTests;
			sourceTree = "<group>";
		};
		E636553C29D34BB000307D70 /* iOSTestAppUITests */ = {
			isa = PBXGroup;
			children = (
				E636553D29D34BB000307D70 /* iOSTestAppUITests.swift */,
				E636553F29D34BB000307D70 /* iOSTestAppUITestsLaunchTests.swift */,
			);
			path = iOSTestAppUITests;
			sourceTree = "<group>";
		};
/* End PBXGroup section */

/* Begin PBXNativeTarget section */
		E636551E29D34BAF00307D70 /* iOSTestApp */ = {
			isa = PBXNativeTarget;
			buildConfigurationList = E636554329D34BB000307D70 /* Build configuration list for PBXNativeTarget "iOSTestApp" */;
			buildPhases = (
				E636551B29D34BAF00307D70 /* Sources */,
				E636551C29D34BAF00307D70 /* Frameworks */,
				E636551D29D34BAF00307D70 /* Resources */,
			);
			buildRules = (
			);
			dependencies = (
			);
			name = iOSTestApp;
			productName = iOSTestApp;
			productReference = E636551F29D34BAF00307D70 /* iOSTestApp.app */;
			productType = "com.apple.product-type.application";
		};
		E636552E29D34BB000307D70 /* iOSTestAppTests */ = {
			isa = PBXNativeTarget;
			buildConfigurationList = E636554629D34BB000307D70 /* Build configuration list for PBXNativeTarget "iOSTestAppTests" */;
			buildPhases = (
				E636552B29D34BB000307D70 /* Sources */,
				E636552C29D34BB000307D70 /* Frameworks */,
				E636552D29D34BB000307D70 /* Resources */,
			);
			buildRules = (
			);
			dependencies = (
				E636553129D34BB000307D70 /* PBXTargetDependency */,
			);
			name = iOSTestAppTests;
			productName = iOSTestAppTests;
			productReference = E636552F29D34BB000307D70 /* iOSTestAppTests.xctest */;
			productType = "com.apple.product-type.bundle.unit-test";
		};
		E636553829D34BB000307D70 /* iOSTestAppUITests */ = {
			isa = PBXNativeTarget;
			buildConfigurationList = E636554929D34BB000307D70 /* Build configuration list for PBXNativeTarget "iOSTestAppUITests" */;
			buildPhases = (
				E636553529D34BB000307D70 /* Sources */,
				E636553629D34BB000307D70 /* Frameworks */,
				E636553729D34BB000307D70 /* Resources */,
			);
			buildRules = (
			);
			dependencies = (
				E636553B29D34BB000307D70 /* PBXTargetDependency */,
			);
			name = iOSTestAppUITests;
			productName = iOSTestAppUITests;
			productReference = E636553929D34BB000307D70 /* iOSTestAppUITests.xctest */;
			productType = "com.apple.product-type.bundle.ui-testing";
		};
/* End PBXNativeTarget section */

/* Begin PBXProject section */
		E636551729D34BAF00307D70 /* Project object */ = {
			isa = PBXProject;
			attributes = {
				BuildIndependentTargetsInParallel = 1;
				LastSwiftUpdateCheck = 1420;
				LastUpgradeCheck = 1420;
				TargetAttributes = {
					E636551E29D34BAF00307D70 = {
						CreatedOnToolsVersion = 14.2;
					};
					E636552E29D34BB000307D70 = {
						CreatedOnToolsVersion = 14.2;
						TestTargetID = E636551E29D34BAF00307D70;
					};
					E636553829D34BB000307D70 = {
						CreatedOnToolsVersion = 14.2;
						TestTargetID = E636551E29D34BAF00307D70;
					};
				};
			};
			buildConfigurationList = E636551A29D34BAF00307D70 /* Build configuration list for PBXProject "iOSTestApp" */;
			compatibilityVersion = "Xcode 14.0";
			developmentRegion = en;
			hasScannedForEncodings = 0;
			knownRegions = (
				en,
				Base,
			);
			mainGroup = E636551629D34BAF00307D70;
			productRefGroup = E636552029D34BAF00307D70 /* Products */;
			projectDirPath = "";
			projectRoot = "";
			targets = (
				E636551E29D34BAF00307D70 /* iOSTestApp */,
				E636552E29D34BB000307D70 /* iOSTestAppTests */,
				E636553829D34BB000307D70 /* iOSTestAppUITests */,
			);
		};
/* End PBXProject section */

/* Begin PBXResourcesBuildPhase section */
		E636551D29D34BAF00307D70 /* Resources */ = {
			isa = PBXResourcesBuildPhase;
			buildActionMask = 2147483647;
			files = (
				E636552A29D34BB000307D70 /* Preview Assets.xcassets in Resources */,
				E636552729D34BB000307D70 /* Assets.xcassets in Resources */,
			);
			runOnlyForDeploymentPostprocessing = 0;
		};
		E636552D29D34BB000307D70 /* Resources */ = {
			isa = PBXResourcesBuildPhase;
			buildActionMask = 2147483647;
			files = (
			);
			runOnlyForDeploymentPostprocessing = 0;
		};
		E636553729D34BB000307D70 /* Resources */ = {
			isa = PBXResourcesBuildPhase;
			buildActionMask = 2147483647;
			files = (
			);
			runOnlyForDeploymentPostprocessing = 0;
		};
/* End PBXResourcesBuildPhase section */

/* Begin PBXSourcesBuildPhase section */
		E636551B29D34BAF00307D70 /* Sources */ = {
			isa = PBXSourcesBuildPhase;
			buildActionMask = 2147483647;
			files = (
				E636555129D4087600307D70 /* ContentViewModel.swift in Sources */,
				E636554F29D4086F00307D70 /* String+Extension.swift in Sources */,
				E636555529D4111700307D70 /* ContentView.swift in Sources */,
				E6655F2229EC23360017F712 /* CheckboxView.swift in Sources */,
				E636552329D34BAF00307D70 /* iOSTestAppApp.swift in Sources */,
			);
			runOnlyForDeploymentPostprocessing = 0;
		};
		E636552B29D34BB000307D70 /* Sources */ = {
			isa = PBXSourcesBuildPhase;
			buildActionMask = 2147483647;
			files = (
				E636553429D34BB000307D70 /* iOSTestAppTests.swift in Sources */,
			);
			runOnlyForDeploymentPostprocessing = 0;
		};
		E636553529D34BB000307D70 /* Sources */ = {
			isa = PBXSourcesBuildPhase;
			buildActionMask = 2147483647;
			files = (
				E636554029D34BB000307D70 /* iOSTestAppUITestsLaunchTests.swift in Sources */,
				E636553E29D34BB000307D70 /* iOSTestAppUITests.swift in Sources */,
			);
			runOnlyForDeploymentPostprocessing = 0;
		};
/* End PBXSourcesBuildPhase section */

/* Begin PBXTargetDependency section */
		E636553129D34BB000307D70 /* PBXTargetDependency */ = {
			isa = PBXTargetDependency;
			target = E636551E29D34BAF00307D70 /* iOSTestApp */;
			targetProxy = E636553029D34BB000307D70 /* PBXContainerItemProxy */;
		};
		E636553B29D34BB000307D70 /* PBXTargetDependency */ = {
			isa = PBXTargetDependency;
			target = E636551E29D34BAF00307D70 /* iOSTestApp */;
			targetProxy = E636553A29D34BB000307D70 /* PBXContainerItemProxy */;
		};
/* End PBXTargetDependency section */

/* Begin XCBuildConfiguration section */
		E636554129D34BB000307D70 /* Debug */ = {
			isa = XCBuildConfiguration;
			buildSettings = {
				ALWAYS_SEARCH_USER_PATHS = NO;
				CLANG_ANALYZER_NONNULL = YES;
				CLANG_ANALYZER_NUMBER_OBJECT_CONVERSION = YES_AGGRESSIVE;
				CLANG_CXX_LANGUAGE_STANDARD = "gnu++20";
				CLANG_ENABLE_MODULES = YES;
				CLANG_ENABLE_OBJC_ARC = YES;
				CLANG_ENABLE_OBJC_WEAK = YES;
				CLANG_WARN_BLOCK_CAPTURE_AUTORELEASING = YES;
				CLANG_WARN_BOOL_CONVERSION = YES;
				CLANG_WARN_COMMA = YES;
				CLANG_WARN_CONSTANT_CONVERSION = YES;
				CLANG_WARN_DEPRECATED_OBJC_IMPLEMENTATIONS = YES;
				CLANG_WARN_DIRECT_OBJC_ISA_USAGE = YES_ERROR;
				CLANG_WARN_DOCUMENTATION_COMMENTS = YES;
				CLANG_WARN_EMPTY_BODY = YES;
				CLANG_WARN_ENUM_CONVERSION = YES;
				CLANG_WARN_INFINITE_RECURSION = YES;
				CLANG_WARN_INT_CONVERSION = YES;
				CLANG_WARN_NON_LITERAL_NULL_CONVERSION = YES;
				CLANG_WARN_OBJC_IMPLICIT_RETAIN_SELF = YES;
				CLANG_WARN_OBJC_LITERAL_CONVERSION = YES;
				CLANG_WARN_OBJC_ROOT_CLASS = YES_ERROR;
				CLANG_WARN_QUOTED_INCLUDE_IN_FRAMEWORK_HEADER = YES;
				CLANG_WARN_RANGE_LOOP_ANALYSIS = YES;
				CLANG_WARN_STRICT_PROTOTYPES = YES;
				CLANG_WARN_SUSPICIOUS_MOVE = YES;
				CLANG_WARN_UNGUARDED_AVAILABILITY = YES_AGGRESSIVE;
				CLANG_WARN_UNREACHABLE_CODE = YES;
				CLANG_WARN__DUPLICATE_METHOD_MATCH = YES;
				COPY_PHASE_STRIP = NO;
				DEBUG_INFORMATION_FORMAT = dwarf;
				ENABLE_STRICT_OBJC_MSGSEND = YES;
				ENABLE_TESTABILITY = YES;
				GCC_C_LANGUAGE_STANDARD = gnu11;
				GCC_DYNAMIC_NO_PIC = NO;
				GCC_NO_COMMON_BLOCKS = YES;
				GCC_OPTIMIZATION_LEVEL = 0;
				GCC_PREPROCESSOR_DEFINITIONS = (
					"DEBUG=1",
					"$(inherited)",
				);
				GCC_WARN_64_TO_32_BIT_CONVERSION = YES;
				GCC_WARN_ABOUT_RETURN_TYPE = YES_ERROR;
				GCC_WARN_UNDECLARED_SELECTOR = YES;
				GCC_WARN_UNINITIALIZED_AUTOS = YES_AGGRESSIVE;
				GCC_WARN_UNUSED_FUNCTION = YES;
				GCC_WARN_UNUSED_VARIABLE = YES;
				IPHONEOS_DEPLOYMENT_TARGET = 16.2;
				MTL_ENABLE_DEBUG_INFO = INCLUDE_SOURCE;
				MTL_FAST_MATH = YES;
				ONLY_ACTIVE_ARCH = YES;
				SDKROOT = iphoneos;
				SWIFT_ACTIVE_COMPILATION_CONDITIONS = DEBUG;
				SWIFT_OPTIMIZATION_LEVEL = "-Onone";
			};
			name = Debug;
		};
		E636554229D34BB000307D70 /* Release */ = {
			isa = XCBuildConfiguration;
			buildSettings = {
				ALWAYS_SEARCH_USER_PATHS = NO;
				CLANG_ANALYZER_NONNULL = YES;
				CLANG_ANALYZER_NUMBER_OBJECT_CONVERSION = YES_AGGRESSIVE;
				CLANG_CXX_LANGUAGE_STANDARD = "gnu++20";
				CLANG_ENABLE_MODULES = YES;
				CLANG_ENABLE_OBJC_ARC = YES;
				CLANG_ENABLE_OBJC_WEAK = YES;
				CLANG_WARN_BLOCK_CAPTURE_AUTORELEASING = YES;
				CLANG_WARN_BOOL_CONVERSION = YES;
				CLANG_WARN_COMMA = YES;
				CLANG_WARN_CONSTANT_CONVERSION = YES;
				CLANG_WARN_DEPRECATED_OBJC_IMPLEMENTATIONS = YES;
				CLANG_WARN_DIRECT_OBJC_ISA_USAGE = YES_ERROR;
				CLANG_WARN_DOCUMENTATION_COMMENTS = YES;
				CLANG_WARN_EMPTY_BODY = YES;
				CLANG_WARN_ENUM_CONVERSION = YES;
				CLANG_WARN_INFINITE_RECURSION = YES;
				CLANG_WARN_INT_CONVERSION = YES;
				CLANG_WARN_NON_LITERAL_NULL_CONVERSION = YES;
				CLANG_WARN_OBJC_IMPLICIT_RETAIN_SELF = YES;
				CLANG_WARN_OBJC_LITERAL_CONVERSION = YES;
				CLANG_WARN_OBJC_ROOT_CLASS = YES_ERROR;
				CLANG_WARN_QUOTED_INCLUDE_IN_FRAMEWORK_HEADER = YES;
				CLANG_WARN_RANGE_LOOP_ANALYSIS = YES;
				CLANG_WARN_STRICT_PROTOTYPES = YES;
				CLANG_WARN_SUSPICIOUS_MOVE = YES;
				CLANG_WARN_UNGUARDED_AVAILABILITY = YES_AGGRESSIVE;
				CLANG_WARN_UNREACHABLE_CODE = YES;
				CLANG_WARN__DUPLICATE_METHOD_MATCH = YES;
				COPY_PHASE_STRIP = NO;
				DEBUG_INFORMATION_FORMAT = "dwarf-with-dsym";
				ENABLE_NS_ASSERTIONS = NO;
				ENABLE_STRICT_OBJC_MSGSEND = YES;
				GCC_C_LANGUAGE_STANDARD = gnu11;
				GCC_NO_COMMON_BLOCKS = YES;
				GCC_WARN_64_TO_32_BIT_CONVERSION = YES;
				GCC_WARN_ABOUT_RETURN_TYPE = YES_ERROR;
				GCC_WARN_UNDECLARED_SELECTOR = YES;
				GCC_WARN_UNINITIALIZED_AUTOS = YES_AGGRESSIVE;
				GCC_WARN_UNUSED_FUNCTION = YES;
				GCC_WARN_UNUSED_VARIABLE = YES;
				IPHONEOS_DEPLOYMENT_TARGET = 16.2;
				MTL_ENABLE_DEBUG_INFO = NO;
				MTL_FAST_MATH = YES;
				SDKROOT = iphoneos;
				SWIFT_COMPILATION_MODE = wholemodule;
				SWIFT_OPTIMIZATION_LEVEL = "-O";
				VALIDATE_PRODUCT = YES;
			};
			name = Release;
		};
		E636554429D34BB000307D70 /* Debug */ = {
			isa = XCBuildConfiguration;
			buildSettings = {
				ASSETCATALOG_COMPILER_APPICON_NAME = AppIcon;
				ASSETCATALOG_COMPILER_GLOBAL_ACCENT_COLOR_NAME = AccentColor;
				CODE_SIGN_STYLE = Automatic;
				CURRENT_PROJECT_VERSION = 1;
				DEVELOPMENT_ASSET_PATHS = "\"iOSTestApp/Preview Content\"";
				DEVELOPMENT_TEAM = K7XJG666ZW;
				ENABLE_PREVIEWS = YES;
				GENERATE_INFOPLIST_FILE = YES;
				INFOPLIST_KEY_NSCameraUsageDescription = "Requires access to your phone’s camera.";
				INFOPLIST_KEY_UIApplicationSceneManifest_Generation = YES;
				INFOPLIST_KEY_UIApplicationSupportsIndirectInputEvents = YES;
				INFOPLIST_KEY_UILaunchScreen_Generation = YES;
				INFOPLIST_KEY_UISupportedInterfaceOrientations_iPad = "UIInterfaceOrientationPortrait UIInterfaceOrientationPortraitUpsideDown UIInterfaceOrientationLandscapeLeft UIInterfaceOrientationLandscapeRight";
				INFOPLIST_KEY_UISupportedInterfaceOrientations_iPhone = "UIInterfaceOrientationPortrait UIInterfaceOrientationLandscapeLeft UIInterfaceOrientationLandscapeRight";
				LD_RUNPATH_SEARCH_PATHS = (
					"$(inherited)",
					"@executable_path/Frameworks",
				);
				MARKETING_VERSION = 1.0;
				PRODUCT_BUNDLE_IDENTIFIER = com.simform.testapp.iOSTestApp;
				PRODUCT_NAME = "$(TARGET_NAME)";
				SWIFT_EMIT_LOC_STRINGS = YES;
				SWIFT_VERSION = 5.0;
				TARGETED_DEVICE_FAMILY = "1,2";
			};
			name = Debug;
		};
		E636554529D34BB000307D70 /* Release */ = {
			isa = XCBuildConfiguration;
			buildSettings = {
				ASSETCATALOG_COMPILER_APPICON_NAME = AppIcon;
				ASSETCATALOG_COMPILER_GLOBAL_ACCENT_COLOR_NAME = AccentColor;
				CODE_SIGN_STYLE = Automatic;
				CURRENT_PROJECT_VERSION = 1;
				DEVELOPMENT_ASSET_PATHS = "\"iOSTestApp/Preview Content\"";
				DEVELOPMENT_TEAM = K7XJG666ZW;
				ENABLE_PREVIEWS = YES;
				GENERATE_INFOPLIST_FILE = YES;
				INFOPLIST_KEY_NSCameraUsageDescription = "Requires access to your phone’s camera.";
				INFOPLIST_KEY_UIApplicationSceneManifest_Generation = YES;
				INFOPLIST_KEY_UIApplicationSupportsIndirectInputEvents = YES;
				INFOPLIST_KEY_UILaunchScreen_Generation = YES;
				INFOPLIST_KEY_UISupportedInterfaceOrientations_iPad = "UIInterfaceOrientationPortrait UIInterfaceOrientationPortraitUpsideDown UIInterfaceOrientationLandscapeLeft UIInterfaceOrientationLandscapeRight";
				INFOPLIST_KEY_UISupportedInterfaceOrientations_iPhone = "UIInterfaceOrientationPortrait UIInterfaceOrientationLandscapeLeft UIInterfaceOrientationLandscapeRight";
				LD_RUNPATH_SEARCH_PATHS = (
					"$(inherited)",
					"@executable_path/Frameworks",
				);
				MARKETING_VERSION = 1.0;
				PRODUCT_BUNDLE_IDENTIFIER = com.simform.testapp.iOSTestApp;
				PRODUCT_NAME = "$(TARGET_NAME)";
				SWIFT_EMIT_LOC_STRINGS = YES;
				SWIFT_VERSION = 5.0;
				TARGETED_DEVICE_FAMILY = "1,2";
			};
			name = Release;
		};
		E636554729D34BB000307D70 /* Debug */ = {
			isa = XCBuildConfiguration;
			buildSettings = {
				ALWAYS_EMBED_SWIFT_STANDARD_LIBRARIES = YES;
				BUNDLE_LOADER = "$(TEST_HOST)";
				CODE_SIGN_STYLE = Automatic;
				CURRENT_PROJECT_VERSION = 1;
				DEVELOPMENT_TEAM = K7XJG666ZW;
				GENERATE_INFOPLIST_FILE = YES;
				IPHONEOS_DEPLOYMENT_TARGET = 16.2;
				MARKETING_VERSION = 1.0;
				PRODUCT_BUNDLE_IDENTIFIER = com.simform.testapp.iOSTestAppTests;
				PRODUCT_NAME = "$(TARGET_NAME)";
				SWIFT_EMIT_LOC_STRINGS = NO;
				SWIFT_VERSION = 5.0;
				TARGETED_DEVICE_FAMILY = "1,2";
				TEST_HOST = "$(BUILT_PRODUCTS_DIR)/iOSTestApp.app/$(BUNDLE_EXECUTABLE_FOLDER_PATH)/iOSTestApp";
			};
			name = Debug;
		};
		E636554829D34BB000307D70 /* Release */ = {
			isa = XCBuildConfiguration;
			buildSettings = {
				ALWAYS_EMBED_SWIFT_STANDARD_LIBRARIES = YES;
				BUNDLE_LOADER = "$(TEST_HOST)";
				CODE_SIGN_STYLE = Automatic;
				CURRENT_PROJECT_VERSION = 1;
				DEVELOPMENT_TEAM = K7XJG666ZW;
				GENERATE_INFOPLIST_FILE = YES;
				IPHONEOS_DEPLOYMENT_TARGET = 16.2;
				MARKETING_VERSION = 1.0;
				PRODUCT_BUNDLE_IDENTIFIER = com.simform.testapp.iOSTestAppTests;
				PRODUCT_NAME = "$(TARGET_NAME)";
				SWIFT_EMIT_LOC_STRINGS = NO;
				SWIFT_VERSION = 5.0;
				TARGETED_DEVICE_FAMILY = "1,2";
				TEST_HOST = "$(BUILT_PRODUCTS_DIR)/iOSTestApp.app/$(BUNDLE_EXECUTABLE_FOLDER_PATH)/iOSTestApp";
			};
			name = Release;
		};
		E636554A29D34BB000307D70 /* Debug */ = {
			isa = XCBuildConfiguration;
			buildSettings = {
				ALWAYS_EMBED_SWIFT_STANDARD_LIBRARIES = YES;
				CODE_SIGN_STYLE = Automatic;
				CURRENT_PROJECT_VERSION = 1;
				DEVELOPMENT_TEAM = K7XJG666ZW;
				GENERATE_INFOPLIST_FILE = YES;
				MARKETING_VERSION = 1.0;
				PRODUCT_BUNDLE_IDENTIFIER = com.simform.testapp.iOSTestAppUITests;
				PRODUCT_NAME = "$(TARGET_NAME)";
				SWIFT_EMIT_LOC_STRINGS = NO;
				SWIFT_VERSION = 5.0;
				TARGETED_DEVICE_FAMILY = "1,2";
				TEST_TARGET_NAME = iOSTestApp;
			};
			name = Debug;
		};
		E636554B29D34BB000307D70 /* Release */ = {
			isa = XCBuildConfiguration;
			buildSettings = {
				ALWAYS_EMBED_SWIFT_STANDARD_LIBRARIES = YES;
				CODE_SIGN_STYLE = Automatic;
				CURRENT_PROJECT_VERSION = 1;
				DEVELOPMENT_TEAM = K7XJG666ZW;
				GENERATE_INFOPLIST_FILE = YES;
				MARKETING_VERSION = 1.0;
				PRODUCT_BUNDLE_IDENTIFIER = com.simform.testapp.iOSTestAppUITests;
				PRODUCT_NAME = "$(TARGET_NAME)";
				SWIFT_EMIT_LOC_STRINGS = NO;
				SWIFT_VERSION = 5.0;
				TARGETED_DEVICE_FAMILY = "1,2";
				TEST_TARGET_NAME = iOSTestApp;
			};
			name = Release;
		};
/* End XCBuildConfiguration section */

/* Begin XCConfigurationList section */
		E636551A29D34BAF00307D70 /* Build configuration list for PBXProject "iOSTestApp" */ = {
			isa = XCConfigurationList;
			buildConfigurations = (
				E636554129D34BB000307D70 /* Debug */,
				E636554229D34BB000307D70 /* Release */,
			);
			defaultConfigurationIsVisible = 0;
			defaultConfigurationName = Release;
		};
		E636554329D34BB000307D70 /* Build configuration list for PBXNativeTarget "iOSTestApp" */ = {
			isa = XCConfigurationList;
			buildConfigurations = (
				E636554429D34BB000307D70 /* Debug */,
				E636554529D34BB000307D70 /* Release */,
			);
			defaultConfigurationIsVisible = 0;
			defaultConfigurationName = Release;
		};
		E636554629D34BB000307D70 /* Build configuration list for PBXNativeTarget "iOSTestAppTests" */ = {
			isa = XCConfigurationList;
			buildConfigurations = (
				E636554729D34BB000307D70 /* Debug */,
				E636554829D34BB000307D70 /* Release */,
			);
			defaultConfigurationIsVisible = 0;
			defaultConfigurationName = Release;
		};
		E636554929D34BB000307D70 /* Build configuration list for PBXNativeTarget "iOSTestAppUITests" */ = {
			isa = XCConfigurationList;
			buildConfigurations = (
				E636554A29D34BB000307D70 /* Debug */,
				E636554B29D34BB000307D70 /* Release */,
			);
			defaultConfigurationIsVisible = 0;
			defaultConfigurationName = Release;
		};
/* End XCConfigurationList section */
	};
	rootObject = E636551729D34BAF00307D70 /* Project object */;
}
